{
  "originHash" : "62ed2cd2290b9f54c8e5259434e1e8923270bff44164314ea7d7ecebe1c542da",
  "pins" : [
    {
      "identity" : "dsl",
      "kind" : "remoteSourceControl",
      "location" : "https://github.com/leviouwendijk/DSL.git",
      "state" : {
        "branch" : "master",
        "revision" : "69018ce93382278431f9ec75ebd56a463d8fd703"
      }
    },
    {
      "identity" : "indentation",
      "kind" : "remoteSourceControl",
      "location" : "https://github.com/leviouwendijk/Indentation.git",
      "state" : {
        "branch" : "master",
        "revision" : "8b85325433aa97ee19c9c77f564500be189978d6"
      }
    }
  ],
  "version" : 3
}
